
Microsoft Visual Studio Solution File, Format Version 12.00
# Visual Studio Version 17
VisualStudioVersion = 17.0.31903.59
MinimumVisualStudioVersion = 10.0.40219.1
Project("{FAE04EC0-301F-11D3-BF4B-00C04F79EFBC}") = "CommandLine", "CommandLine\CommandLine.csproj", "{0694F622-6A37-45D0-BF72-DC74D52FDE74}"
EndProject
Project("{FAE04EC0-301F-11D3-BF4B-00C04F79EFBC}") = "Library", "Library\Library.csproj", "{5E2CBA4B-3B11-447A-932E-C15A4039F903}"
EndProject
Project("{FAE04EC0-301F-11D3-BF4B-00C04F79EFBC}") = "Website", "Website\Website.csproj", "{0D1AE923-2D65-4D47-83F0-EBA42DDA4D2C}"
EndProject
Project("{FAE04EC0-301F-11D3-BF4B-00C04F79EFBC}") = "Tests", "Tests\Tests.csproj", "{721D7525-7C41-4D56-BA53-49F2F76E1EDA}"
EndProject
Project("{FAE04EC0-301F-11D3-BF4B-00C04F79EFBC}") = "Abstractions", "Abstractions\Abstractions.csproj", "{19AC89F0-82A0-471E-B3E5-E98F248C2C1D}"
EndProject
Global
	GlobalSection(SolutionConfigurationPlatforms) = preSolution
		Debug|Any CPU = Debug|Any CPU
		Release|Any CPU = Release|Any CPU
	EndGlobalSection
	GlobalSection(ProjectConfigurationPlatforms) = postSolution
		{0694F622-6A37-45D0-BF72-DC74D52FDE74}.Debug|Any CPU.ActiveCfg = Debug|Any CPU
		{0694F622-6A37-45D0-BF72-DC74D52FDE74}.Debug|Any CPU.Build.0 = Debug|Any CPU
		{0694F622-6A37-45D0-BF72-DC74D52FDE74}.Release|Any CPU.ActiveCfg = Release|Any CPU
		{0694F622-6A37-45D0-BF72-DC74D52FDE74}.Release|Any CPU.Build.0 = Release|Any CPU
		{5E2CBA4B-3B11-447A-932E-C15A4039F903}.Debug|Any CPU.ActiveCfg = Debug|Any CPU
		{5E2CBA4B-3B11-447A-932E-C15A4039F903}.Debug|Any CPU.Build.0 = Debug|Any CPU
		{5E2CBA4B-3B11-447A-932E-C15A4039F903}.Release|Any CPU.ActiveCfg = Release|Any CPU
		{5E2CBA4B-3B11-447A-932E-C15A4039F903}.Release|Any CPU.Build.0 = Release|Any CPU
		{0D1AE923-2D65-4D47-83F0-EBA42DDA4D2C}.Debug|Any CPU.ActiveCfg = Debug|Any CPU
		{0D1AE923-2D65-4D47-83F0-EBA42DDA4D2C}.Debug|Any CPU.Build.0 = Debug|Any CPU
		{0D1AE923-2D65-4D47-83F0-EBA42DDA4D2C}.Release|Any CPU.ActiveCfg = Release|Any CPU
		{0D1AE923-2D65-4D47-83F0-EBA42DDA4D2C}.Release|Any CPU.Build.0 = Release|Any CPU
		{721D7525-7C41-4D56-BA53-49F2F76E1EDA}.Debug|Any CPU.ActiveCfg = Debug|Any CPU
		{721D7525-7C41-4D56-BA53-49F2F76E1EDA}.Debug|Any CPU.Build.0 = Debug|Any CPU
		{721D7525-7C41-4D56-BA53-49F2F76E1EDA}.Release|Any CPU.ActiveCfg = Release|Any CPU
		{721D7525-7C41-4D56-BA53-49F2F76E1EDA}.Release|Any CPU.Build.0 = Release|Any CPU
		{19AC89F0-82A0-471E-B3E5-E98F248C2C1D}.Debug|Any CPU.ActiveCfg = Debug|Any CPU
		{19AC89F0-82A0-471E-B3E5-E98F248C2C1D}.Debug|Any CPU.Build.0 = Debug|Any CPU
		{19AC89F0-82A0-471E-B3E5-E98F248C2C1D}.Release|Any CPU.ActiveCfg = Release|Any CPU
		{19AC89F0-82A0-471E-B3E5-E98F248C2C1D}.Release|Any CPU.Build.0 = Release|Any CPU
	EndGlobalSection
	GlobalSection(SolutionProperties) = preSolution
		HideSolutionNode = FALSE
	EndGlobalSection
EndGlobal
